
Microsoft Visual Studio Solution File, Format Version 12.00
# Visual Studio Version 17
VisualStudioVersion = 17.8.34525.116
MinimumVisualStudioVersion = 10.0.40219.1
Project("{FAE04EC0-301F-11D3-BF4B-00C04F79EFBC}") = "VG - Uge2", "VG - Uge2\VG - Uge2.csproj", "{CFF10182-84E3-4701-8C43-E46FF91E7256}"
EndProject
Global
	GlobalSection(SolutionConfigurationPlatforms) = preSolution
		Debug|Any CPU = Debug|Any CPU
		Release|Any CPU = Release|Any CPU
	EndGlobalSection
	GlobalSection(ProjectConfigurationPlatforms) = postSolution
		{CFF10182-84E3-4701-8C43-E46FF91E7256}.Debug|Any CPU.ActiveCfg = Debug|Any CPU
		{CFF10182-84E3-4701-8C43-E46FF91E7256}.Debug|Any CPU.Build.0 = Debug|Any CPU
		{CFF10182-84E3-4701-8C43-E46FF91E7256}.Release|Any CPU.ActiveCfg = Release|Any CPU
		{CFF10182-84E3-4701-8C43-E46FF91E7256}.Release|Any CPU.Build.0 = Release|Any CPU
	EndGlobalSection
	GlobalSection(SolutionProperties) = preSolution
		HideSolutionNode = FALSE
	EndGlobalSection
	GlobalSection(ExtensibilityGlobals) = postSolution
		SolutionGuid = {CF7BB3A8-DE59-4302-8A04-59FF8C10AD36}
	EndGlobalSection
EndGlobal
